{
  "name": "aws-lambda-improvmx-undelivered-notifications",
  "version": "1.0.0",
  "lockfileVersion": 2,
  "requires": true,
  "packages": {
    "": {
      "name": "aws-lambda-improvmx-undelivered-notifications",
      "version": "1.0.0",
      "license": "MIT",
      "dependencies": {
        "improvmx-node-client": "^0.1.0"
      }
    },
    "node_modules/improvmx-node-client": {
      "version": "0.1.0",
      "resolved": "https://registry.npmjs.org/improvmx-node-client/-/improvmx-node-client-0.1.0.tgz",
      "integrity": "sha512-wNdcTOdUa4y+RuzaqZBfFdiUZ1mghN8JRXqZwQf/fhTkzAQQxR1M4vCm93WsbSDtXmL1djhw80Bu+53P+RjA+w=="
    }
  },
  "dependencies": {
    "improvmx-node-client": {
      "version": "0.1.0",
      "resolved": "https://registry.npmjs.org/improvmx-node-client/-/improvmx-node-client-0.1.0.tgz",
      "integrity": "sha512-wNdcTOdUa4y+RuzaqZBfFdiUZ1mghN8JRXqZwQf/fhTkzAQQxR1M4vCm93WsbSDtXmL1djhw80Bu+53P+RjA+w=="
    }
  }
}
